
Microsoft Visual Studio Solution File, Format Version 12.00
# Visual Studio 15
VisualStudioVersion = 15.0.27428.2037
MinimumVisualStudioVersion = 10.0.40219.1
Project("{FAE04EC0-301F-11D3-BF4B-00C04F79EFBC}") = "Windows.Service", "Windows.Service\Windows.Service.csproj", "{25B8958F-517E-410D-83D1-25AEC49A2F95}"
EndProject
Project("{54435603-DBB4-11D2-8724-00A0C9A8B90C}") = "Windows.Installer", "Windows.Installer\Windows.Installer.vdproj", "{50077602-9FD6-455E-BA52-CC8DF5CB6D41}"
EndProject
Project("{FAE04EC0-301F-11D3-BF4B-00C04F79EFBC}") = "DisableWU.WinForm", "DisableWU.WinForm\DisableWU.WinForm.csproj", "{D84379EF-92BA-494F-9C25-3B611AA537CF}"
EndProject
Project("{2150E333-8FDC-42A3-9474-1A3956D46DE8}") = "Setup", "Setup", "{F211DD00-F438-40AB-9B28-5169DB71BBC0}"
	ProjectSection(SolutionItems) = preProject
		Binaries\DisableWindowsUpdate.Installer.v1.msi = Binaries\DisableWindowsUpdate.Installer.v1.msi
	EndProjectSection
EndProject
Global
	GlobalSection(SolutionConfigurationPlatforms) = preSolution
		Debug|Any CPU = Debug|Any CPU
		Release|Any CPU = Release|Any CPU
	EndGlobalSection
	GlobalSection(ProjectConfigurationPlatforms) = postSolution
		{25B8958F-517E-410D-83D1-25AEC49A2F95}.Debug|Any CPU.ActiveCfg = Debug|Any CPU
		{25B8958F-517E-410D-83D1-25AEC49A2F95}.Debug|Any CPU.Build.0 = Debug|Any CPU
		{25B8958F-517E-410D-83D1-25AEC49A2F95}.Release|Any CPU.ActiveCfg = Release|Any CPU
		{25B8958F-517E-410D-83D1-25AEC49A2F95}.Release|Any CPU.Build.0 = Release|Any CPU
		{50077602-9FD6-455E-BA52-CC8DF5CB6D41}.Debug|Any CPU.ActiveCfg = Debug
		{50077602-9FD6-455E-BA52-CC8DF5CB6D41}.Release|Any CPU.ActiveCfg = Release
		{D84379EF-92BA-494F-9C25-3B611AA537CF}.Debug|Any CPU.ActiveCfg = Debug|Any CPU
		{D84379EF-92BA-494F-9C25-3B611AA537CF}.Debug|Any CPU.Build.0 = Debug|Any CPU
		{D84379EF-92BA-494F-9C25-3B611AA537CF}.Release|Any CPU.ActiveCfg = Release|Any CPU
		{D84379EF-92BA-494F-9C25-3B611AA537CF}.Release|Any CPU.Build.0 = Release|Any CPU
	EndGlobalSection
	GlobalSection(SolutionProperties) = preSolution
		HideSolutionNode = FALSE
	EndGlobalSection
	GlobalSection(ExtensibilityGlobals) = postSolution
		SolutionGuid = {F7C6283A-8DE8-4C67-878E-93CAD8362D1C}
	EndGlobalSection
EndGlobal
